<?xml version="1.0" encoding="utf-8"?>
<Project xmlns="http://schemas.microsoft.com/developer/msbuild/2003">
  <ItemGroup>
    <Filter Include="Form Files">
      <UniqueIdentifier>{99349809-55BA-4b9d-BF79-8FDBB0286EB3}</UniqueIdentifier>
      <Extensions>ui</Extensions>
      <ParseFiles>false</ParseFiles>
    </Filter>
    <Filter Include="Form Files">
      <UniqueIdentifier>{99349809-55BA-4b9d-BF79-8FDBB0286EB3}</UniqueIdentifier>
      <Extensions>ui</Extensions>
      <ParseFiles>false</ParseFiles>
    </Filter>
    <Filter Include="Generated Files">
      <UniqueIdentifier>{71ED8ED8-ACB9-4CE9-BBE1-E00B30144E11}</UniqueIdentifier>
      <Extensions>cpp;c;cxx;moc;h;def;odl;idl;res;</Extensions>
    </Filter>
    <Filter Include="Generated Files">
      <UniqueIdentifier>{71ED8ED8-ACB9-4CE9-BBE1-E00B30144E11}</UniqueIdentifier>
      <Extensions>cpp;c;cxx;moc;h;def;odl;idl;res;</Extensions>
    </Filter>
    <Filter Include="Header Files">
      <UniqueIdentifier>{93995380-89BD-4b04-88EB-625FBE52EBFB}</UniqueIdentifier>
      <Extensions>h;hpp;hxx;hm;inl;inc;xsd</Extensions>
    </Filter>
    <Filter Include="Header Files">
      <UniqueIdentifier>{93995380-89BD-4b04-88EB-625FBE52EBFB}</UniqueIdentifier>
      <Extensions>h;hpp;hxx;hm;inl;inc;xsd</Extensions>
    </Filter>
    <Filter Include="Resource Files">
      <UniqueIdentifier>{D9D6E242-F8AF-46E4-B9FD-80ECBC20BA3E}</UniqueIdentifier>
      <Extensions>qrc;*</Extensions>
      <ParseFiles>false</ParseFiles>
    </Filter>
    <Filter Include="Resource Files">
      <UniqueIdentifier>{D9D6E242-F8AF-46E4-B9FD-80ECBC20BA3E}</UniqueIdentifier>
      <Extensions>qrc;*</Extensions>
      <ParseFiles>false</ParseFiles>
    </Filter>
    <Filter Include="Source Files">
      <UniqueIdentifier>{4FC737F1-C7A5-4376-A066-2A32D752A2FF}</UniqueIdentifier>
      <Extensions>cpp;c;cxx;def;odl;idl;hpj;bat;asm;asmx</Extensions>
    </Filter>
    <Filter Include="Source Files">
      <UniqueIdentifier>{4FC737F1-C7A5-4376-A066-2A32D752A2FF}</UniqueIdentifier>
      <Extensions>cpp;c;cxx;def;odl;idl;hpj;bat;asm;asmx</Extensions>
    </Filter>
    <Filter Include="Translation Files">
      <UniqueIdentifier>{639EADAA-A684-42e4-A9AD-28FC9BCB8F7C}</UniqueIdentifier>
      <Extensions>ts;xlf</Extensions>
      <ParseFiles>false</ParseFiles>
    </Filter>
    <Filter Include="Translation Files">
      <UniqueIdentifier>{639EADAA-A684-42e4-A9AD-28FC9BCB8F7C}</UniqueIdentifier>
      <Extensions>ts;xlf</Extensions>
      <ParseFiles>false</ParseFiles>
    </Filter>
  </ItemGroup>
  <ItemGroup>
    <ClCompile Include="aboutdialog.cpp">
      <Filter>Source Files</Filter>
    </ClCompile>
    <ClCompile Include="crypto.cpp">
      <Filter>Source Files</Filter>
    </ClCompile>
    <ClCompile Include="discoveryservice.cpp">
      <Filter>Source Files</Filter>
    </ClCompile>
    <ClCompile Include="filetransferdialog.cpp">
      <Filter>Source Files</Filter>
    </ClCompile>
    <ClCompile Include="filetransferreceiver.cpp">
      <Filter>Source Files</Filter>
    </ClCompile>
    <ClCompile Include="filetransfersender.cpp">
      <Filter>Source Files</Filter>
    </ClCompile>
    <ClCompile Include="filetransferserver.cpp">
      <Filter>Source Files</Filter>
    </ClCompile>
    <ClCompile Include="filetransfersession.cpp">
      <Filter>Source Files</Filter>
    </ClCompile>
    <ClCompile Include="main.cpp">
      <Filter>Source Files</Filter>
    </ClCompile>
    <ClCompile Include="selectfilesdialog.cpp">
      <Filter>Source Files</Filter>
    </ClCompile>
    <ClCompile Include="sendtodialog.cpp">
      <Filter>Source Files</Filter>
    </ClCompile>
    <ClCompile Include="settings.cpp">
      <Filter>Source Files</Filter>
    </ClCompile>
    <ClCompile Include="settingsdialog.cpp">
      <Filter>Source Files</Filter>
    </ClCompile>
    <ClCompile Include="trayicon.cpp">
      <Filter>Source Files</Filter>
    </ClCompile>
  </ItemGroup>
  <ItemGroup>
    <QtMoc Include="aboutdialog.h">
      <Filter>Header Files</Filter>
    </QtMoc>
    <ClInclude Include="crypto.h">
      <Filter>Header Files</Filter>
    </ClInclude>
    <QtMoc Include="discoveryservice.h">
      <Filter>Header Files</Filter>
    </QtMoc>
    <QtMoc Include="filetransferdialog.h">
      <Filter>Header Files</Filter>
    </QtMoc>
    <QtMoc Include="filetransferreceiver.h">
      <Filter>Header Files</Filter>
    </QtMoc>
    <QtMoc Include="filetransfersender.h">
      <Filter>Header Files</Filter>
    </QtMoc>
    <QtMoc Include="filetransferserver.h">
      <Filter>Header Files</Filter>
    </QtMoc>
    <QtMoc Include="filetransfersession.h">
      <Filter>Header Files</Filter>
    </QtMoc>
    <QtMoc Include="selectfilesdialog.h">
      <Filter>Header Files</Filter>
    </QtMoc>
    <QtMoc Include="sendtodialog.h">
      <Filter>Header Files</Filter>
    </QtMoc>
    <ClInclude Include="settings.h">
      <Filter>Header Files</Filter>
    </ClInclude>
    <QtMoc Include="settingsdialog.h">
      <Filter>Header Files</Filter>
    </QtMoc>
    <QtMoc Include="trayicon.h">
      <Filter>Header Files</Filter>
    </QtMoc>
  </ItemGroup>
  <ItemGroup>
    <CustomBuild Include="debug\moc_predefs.h.cbt">
      <Filter>Generated Files</Filter>
    </CustomBuild>
    <CustomBuild Include="release\moc_predefs.h.cbt">
      <Filter>Generated Files</Filter>
    </CustomBuild>
  </ItemGroup>
  <ItemGroup>
    <None Include="locales\LANDrop.zh_CN.ts">
      <Filter>Translation Files</Filter>
    </None>
  </ItemGroup>
  <ItemGroup>
    <QtUic Include="aboutdialog.ui">
      <Filter>Form Files</Filter>
    </QtUic>
    <QtUic Include="filetransferdialog.ui">
      <Filter>Form Files</Filter>
    </QtUic>
    <QtUic Include="selectfilesdialog.ui">
      <Filter>Form Files</Filter>
    </QtUic>
    <QtUic Include="sendtodialog.ui">
      <Filter>Form Files</Filter>
    </QtUic>
    <QtUic Include="settingsdialog.ui">
      <Filter>Form Files</Filter>
    </QtUic>
  </ItemGroup>
  <ItemGroup>
    <None Include="locales\LANDrop.zh_CN.qm">
      <Filter>Resource Files</Filter>
    </None>
    <None Include="icons\about.png">
      <Filter>Resource Files</Filter>
    </None>
    <None Include="icons\app.png">
      <Filter>Resource Files</Filter>
    </None>
    <None Include="icons\app_mask.png">
      <Filter>Resource Files</Filter>
    </None>
    <None Include="icons\exit.png">
      <Filter>Resource Files</Filter>
    </None>
    <QtRcc Include="icons.qrc">
      <Filter>Resource Files</Filter>
    </QtRcc>
    <QtRcc Include="locales.qrc">
      <Filter>Resource Files</Filter>
    </QtRcc>
    <None Include="icons\open_download_folder.png">
      <Filter>Resource Files</Filter>
    </None>
    <None Include="icons\send.png">
      <Filter>Resource Files</Filter>
    </None>
    <None Include="icons\settings.png">
      <Filter>Resource Files</Filter>
    </None>
  </ItemGroup>
  <ItemGroup>
    <ResourceCompile Include="J:\GitHubProject\LANDrop-master\LANDrop\LANDrop_resource.rc" />
  </ItemGroup>
</Project>